
Microsoft Visual Studio Solution File, Format Version 12.00
# Visual Studio Version 17
VisualStudioVersion = 17.6.33723.286
MinimumVisualStudioVersion = 10.0.40219.1
Project("{FAE04EC0-301F-11D3-BF4B-00C04F79EFBC}") = "Twitter.UI", "Twitter.UI\Twitter.UI.csproj", "{9288185B-3EE4-48B1-8A6A-48272FCCAAF7}"
EndProject
Project("{FAE04EC0-301F-11D3-BF4B-00C04F79EFBC}") = "Twitter.Data", "Twitter.Data\Twitter.Data.csproj", "{6DEA39CE-AC84-4BBF-8F9E-7FCFBD350161}"
EndProject
Project("{FAE04EC0-301F-11D3-BF4B-00C04F79EFBC}") = "Twitter.Core", "Twitter.Core\Twitter.Core.csproj", "{7D323181-7EED-4849-988F-CAE7C87925B9}"
EndProject
Global
	GlobalSection(SolutionConfigurationPlatforms) = preSolution
		Debug|Any CPU = Debug|Any CPU
		Release|Any CPU = Release|Any CPU
	EndGlobalSection
	GlobalSection(ProjectConfigurationPlatforms) = postSolution
		{9288185B-3EE4-48B1-8A6A-48272FCCAAF7}.Debug|Any CPU.ActiveCfg = Debug|Any CPU
		{9288185B-3EE4-48B1-8A6A-48272FCCAAF7}.Debug|Any CPU.Build.0 = Debug|Any CPU
		{9288185B-3EE4-48B1-8A6A-48272FCCAAF7}.Release|Any CPU.ActiveCfg = Release|Any CPU
		{9288185B-3EE4-48B1-8A6A-48272FCCAAF7}.Release|Any CPU.Build.0 = Release|Any CPU
		{6DEA39CE-AC84-4BBF-8F9E-7FCFBD350161}.Debug|Any CPU.ActiveCfg = Debug|Any CPU
		{6DEA39CE-AC84-4BBF-8F9E-7FCFBD350161}.Debug|Any CPU.Build.0 = Debug|Any CPU
		{6DEA39CE-AC84-4BBF-8F9E-7FCFBD350161}.Release|Any CPU.ActiveCfg = Release|Any CPU
		{6DEA39CE-AC84-4BBF-8F9E-7FCFBD350161}.Release|Any CPU.Build.0 = Release|Any CPU
		{7D323181-7EED-4849-988F-CAE7C87925B9}.Debug|Any CPU.ActiveCfg = Debug|Any CPU
		{7D323181-7EED-4849-988F-CAE7C87925B9}.Debug|Any CPU.Build.0 = Debug|Any CPU
		{7D323181-7EED-4849-988F-CAE7C87925B9}.Release|Any CPU.ActiveCfg = Release|Any CPU
		{7D323181-7EED-4849-988F-CAE7C87925B9}.Release|Any CPU.Build.0 = Release|Any CPU
	EndGlobalSection
	GlobalSection(SolutionProperties) = preSolution
		HideSolutionNode = FALSE
	EndGlobalSection
	GlobalSection(ExtensibilityGlobals) = postSolution
		SolutionGuid = {F057B0A4-1033-4671-9655-1E1A45955FE7}
	EndGlobalSection
EndGlobal
